
Microsoft Visual Studio Solution File, Format Version 12.00
# Visual Studio 15
VisualStudioVersion = 15.0.34829.251
MinimumVisualStudioVersion = 10.0.40219.1
Project("{FAE04EC0-301F-11D3-BF4B-00C04F79EFBC}") = "ToolLibrary", "ToolLibrary\ToolLibrary.csproj", "{F5269DB4-113A-4C13-BEE9-0DFC513975B9}"
EndProject
Project("{FAE04EC0-301F-11D3-BF4B-00C04F79EFBC}") = "Test", "Test\Test.csproj", "{6A6103BD-FB0F-4F03-A35F-B6D156CF1F73}"
EndProject
Global
	GlobalSection(SolutionConfigurationPlatforms) = preSolution
		Debug|Any CPU = Debug|Any CPU
		Release|Any CPU = Release|Any CPU
	EndGlobalSection
	GlobalSection(ProjectConfigurationPlatforms) = postSolution
		{F5269DB4-113A-4C13-BEE9-0DFC513975B9}.Debug|Any CPU.ActiveCfg = Debug|Any CPU
		{F5269DB4-113A-4C13-BEE9-0DFC513975B9}.Debug|Any CPU.Build.0 = Debug|Any CPU
		{F5269DB4-113A-4C13-BEE9-0DFC513975B9}.Release|Any CPU.ActiveCfg = Release|Any CPU
		{F5269DB4-113A-4C13-BEE9-0DFC513975B9}.Release|Any CPU.Build.0 = Release|Any CPU
		{6A6103BD-FB0F-4F03-A35F-B6D156CF1F73}.Debug|Any CPU.ActiveCfg = Debug|Any CPU
		{6A6103BD-FB0F-4F03-A35F-B6D156CF1F73}.Debug|Any CPU.Build.0 = Debug|Any CPU
		{6A6103BD-FB0F-4F03-A35F-B6D156CF1F73}.Release|Any CPU.ActiveCfg = Release|Any CPU
		{6A6103BD-FB0F-4F03-A35F-B6D156CF1F73}.Release|Any CPU.Build.0 = Release|Any CPU
	EndGlobalSection
	GlobalSection(SolutionProperties) = preSolution
		HideSolutionNode = FALSE
	EndGlobalSection
	GlobalSection(ExtensibilityGlobals) = postSolution
		SolutionGuid = {18F8EB1F-DCBE-4164-856F-6D9586B8D1AF}
	EndGlobalSection
EndGlobal
